<Solution>
  <Project Path="WpfWindowTreeViewAnalysisOne.WpfTarget/WpfWindowTreeViewAnalysisOne.WpfTarget.csproj" Id="ad9b4abe-dd2b-47d9-928f-9b728523b509" />
  <Project Path="WpfWindowTreeViewAnalysisOne.WpfUi/WpfWindowTreeViewAnalysisOne.WpfUi.csproj" Id="12dfc183-a382-44d6-9b97-a8179b82c381" />
</Solution>
